
Microsoft Visual Studio Solution File, Format Version 12.00
# Visual Studio Version 18
VisualStudioVersion = 18.0.11010.61 d18.0
MinimumVisualStudioVersion = 10.0.40219.1
Project("{2150E333-8FDC-42A3-9474-1A3956D46DE8}") = "Orchestration", "Orchestration", "{02EA681E-C7D8-13C7-8484-4AC65E1B71E8}"
EndProject
Project("{2150E333-8FDC-42A3-9474-1A3956D46DE8}") = "Applications", "Applications", "{5A247CE0-5A19-4854-BF72-1D11EAA5527A}"
EndProject
Project("{2150E333-8FDC-42A3-9474-1A3956D46DE8}") = "ClinicalIntake", "ClinicalIntake", "{3F3CD296-12A0-4E17-B1A9-368D2E3351E1}"
EndProject
Project("{FAE04EC0-301F-11D3-BF4B-00C04F79EFBC}") = "Orchestration.AppHost", "Orchestration.AppHost\Orchestration.AppHost.csproj", "{064F63CF-10AF-46E8-AAA0-0E6EDA02E8FD}"
EndProject
Project("{FAE04EC0-301F-11D3-BF4B-00C04F79EFBC}") = "Orchestration.ServiceDefaults", "Orchestration.ServiceDefaults\Orchestration.ServiceDefaults.csproj", "{EDC5EA07-3811-4FCD-ABDC-D70774C795A5}"
EndProject
Project("{FAE04EC0-301F-11D3-BF4B-00C04F79EFBC}") = "ClinicalIntake.API", "ClinicalIntake.API\ClinicalIntake.API.csproj", "{13F297DF-0007-990C-54E9-9EFFC7D6BBA9}"
EndProject
Project("{FAE04EC0-301F-11D3-BF4B-00C04F79EFBC}") = "ClinicalIntake.Application", "ClinicalIntake.Application\ClinicalIntake.Application.csproj", "{4EA80493-2DD1-4758-9A3D-FAEE1FC10A18}"
EndProject
Project("{FAE04EC0-301F-11D3-BF4B-00C04F79EFBC}") = "SharedKernel", "SharedKernel\SharedKernel.csproj", "{AD3F19F0-D967-476E-BBA6-BAAFA8FBD2A0}"
EndProject
Project("{2150E333-8FDC-42A3-9474-1A3956D46DE8}") = "PatientCare", "PatientCare", "{5325D4FA-949A-456D-8A5C-C29A1F4708BA}"
EndProject
Project("{FAE04EC0-301F-11D3-BF4B-00C04F79EFBC}") = "PatientCare.Application", "PatientCare.Application\PatientCare.Application.csproj", "{E1307BC4-3531-4B70-B8E7-1EA20461A483}"
EndProject
Project("{FAE04EC0-301F-11D3-BF4B-00C04F79EFBC}") = "PatientCare.Infrastructure.EventBusAdapter", "PatientCare.Infrastructure.EventBusAdapter\PatientCare.Infrastructure.EventBusAdapter.csproj", "{90124C2C-FB67-49EF-84AF-865CEAA6EA4D}"
EndProject
Project("{FAE04EC0-301F-11D3-BF4B-00C04F79EFBC}") = "PatientCare.UI", "PatientCare.UI\PatientCare.UI\PatientCare.UI.csproj", "{337CDFA9-3DDB-43AB-B224-179812548BBE}"
EndProject
Project("{FAE04EC0-301F-11D3-BF4B-00C04F79EFBC}") = "PatientCare.UI.Shared", "PatientCare.UI\PatientCare.UI.Shared\PatientCare.UI.Shared.csproj", "{D4981F19-8D37-4C25-9F06-D5E2DD45BEED}"
EndProject
Project("{FAE04EC0-301F-11D3-BF4B-00C04F79EFBC}") = "PatientCare.UI.Web", "PatientCare.UI\PatientCare.UI.Web\PatientCare.UI.Web.csproj", "{D2755C63-F8BA-4D7D-81CB-ACA81CD923EA}"
EndProject
Project("{FAE04EC0-301F-11D3-BF4B-00C04F79EFBC}") = "PatientCare.UI.Web.Client", "PatientCare.UI\PatientCare.UI.Web.Client\PatientCare.UI.Web.Client.csproj", "{F5886678-93F7-4549-BADD-530634CF406A}"
EndProject
Project("{FAE04EC0-301F-11D3-BF4B-00C04F79EFBC}") = "ClinicalIntake.UI", "ClinicalIntake.UI\ClinicalIntake.UI\ClinicalIntake.UI.csproj", "{AD4E137E-736E-4798-A5B1-26098DB3D134}"
EndProject
Project("{FAE04EC0-301F-11D3-BF4B-00C04F79EFBC}") = "ClinicalIntake.UI.Shared", "ClinicalIntake.UI\ClinicalIntake.UI.Shared\ClinicalIntake.UI.Shared.csproj", "{5DF8709B-4B7B-40DC-A498-2E3C58A56D6D}"
EndProject
Project("{FAE04EC0-301F-11D3-BF4B-00C04F79EFBC}") = "ClinicalIntake.UI.Web", "ClinicalIntake.UI\ClinicalIntake.UI.Web\ClinicalIntake.UI.Web.csproj", "{09C86E7F-8AB2-46D9-B379-D6B2B6D45079}"
EndProject
Project("{FAE04EC0-301F-11D3-BF4B-00C04F79EFBC}") = "ClinicalIntake.UI.Web.Client", "ClinicalIntake.UI\ClinicalIntake.UI.Web.Client\ClinicalIntake.UI.Web.Client.csproj", "{2F57C1AD-EA6B-4FAC-9BF8-ACE01F4518F9}"
EndProject
Project("{FAE04EC0-301F-11D3-BF4B-00C04F79EFBC}") = "Orchestration.Tests", "Orchestration.Tests\Orchestration.Tests.csproj", "{09890B66-5CE0-4270-9750-D098FB7DA842}"
EndProject
Project("{2150E333-8FDC-42A3-9474-1A3956D46DE8}") = "Tests", "Tests", "{343F664A-1B81-4970-81B8-2774A96C7AEB}"
EndProject
Project("{2150E333-8FDC-42A3-9474-1A3956D46DE8}") = "UI", "UI", "{E9319393-C2D0-482A-A2D8-AAC770034E45}"
EndProject
Project("{2150E333-8FDC-42A3-9474-1A3956D46DE8}") = "UI", "UI", "{C3B96C2B-5BB1-4106-87FC-321951DC7616}"
EndProject
Global
	GlobalSection(SolutionConfigurationPlatforms) = preSolution
		Debug|Any CPU = Debug|Any CPU
		Release|Any CPU = Release|Any CPU
	EndGlobalSection
	GlobalSection(ProjectConfigurationPlatforms) = postSolution
		{064F63CF-10AF-46E8-AAA0-0E6EDA02E8FD}.Debug|Any CPU.ActiveCfg = Debug|Any CPU
		{064F63CF-10AF-46E8-AAA0-0E6EDA02E8FD}.Debug|Any CPU.Build.0 = Debug|Any CPU
		{064F63CF-10AF-46E8-AAA0-0E6EDA02E8FD}.Release|Any CPU.ActiveCfg = Release|Any CPU
		{064F63CF-10AF-46E8-AAA0-0E6EDA02E8FD}.Release|Any CPU.Build.0 = Release|Any CPU
		{EDC5EA07-3811-4FCD-ABDC-D70774C795A5}.Debug|Any CPU.ActiveCfg = Debug|Any CPU
		{EDC5EA07-3811-4FCD-ABDC-D70774C795A5}.Debug|Any CPU.Build.0 = Debug|Any CPU
		{EDC5EA07-3811-4FCD-ABDC-D70774C795A5}.Release|Any CPU.ActiveCfg = Release|Any CPU
		{EDC5EA07-3811-4FCD-ABDC-D70774C795A5}.Release|Any CPU.Build.0 = Release|Any CPU
		{13F297DF-0007-990C-54E9-9EFFC7D6BBA9}.Debug|Any CPU.ActiveCfg = Debug|Any CPU
		{13F297DF-0007-990C-54E9-9EFFC7D6BBA9}.Debug|Any CPU.Build.0 = Debug|Any CPU
		{13F297DF-0007-990C-54E9-9EFFC7D6BBA9}.Release|Any CPU.ActiveCfg = Release|Any CPU
		{13F297DF-0007-990C-54E9-9EFFC7D6BBA9}.Release|Any CPU.Build.0 = Release|Any CPU
		{4EA80493-2DD1-4758-9A3D-FAEE1FC10A18}.Debug|Any CPU.ActiveCfg = Debug|Any CPU
		{4EA80493-2DD1-4758-9A3D-FAEE1FC10A18}.Debug|Any CPU.Build.0 = Debug|Any CPU
		{4EA80493-2DD1-4758-9A3D-FAEE1FC10A18}.Release|Any CPU.ActiveCfg = Release|Any CPU
		{4EA80493-2DD1-4758-9A3D-FAEE1FC10A18}.Release|Any CPU.Build.0 = Release|Any CPU
		{AD3F19F0-D967-476E-BBA6-BAAFA8FBD2A0}.Debug|Any CPU.ActiveCfg = Debug|Any CPU
		{AD3F19F0-D967-476E-BBA6-BAAFA8FBD2A0}.Debug|Any CPU.Build.0 = Debug|Any CPU
		{AD3F19F0-D967-476E-BBA6-BAAFA8FBD2A0}.Release|Any CPU.ActiveCfg = Release|Any CPU
		{AD3F19F0-D967-476E-BBA6-BAAFA8FBD2A0}.Release|Any CPU.Build.0 = Release|Any CPU
		{E1307BC4-3531-4B70-B8E7-1EA20461A483}.Debug|Any CPU.ActiveCfg = Debug|Any CPU
		{E1307BC4-3531-4B70-B8E7-1EA20461A483}.Debug|Any CPU.Build.0 = Debug|Any CPU
		{E1307BC4-3531-4B70-B8E7-1EA20461A483}.Release|Any CPU.ActiveCfg = Release|Any CPU
		{E1307BC4-3531-4B70-B8E7-1EA20461A483}.Release|Any CPU.Build.0 = Release|Any CPU
		{90124C2C-FB67-49EF-84AF-865CEAA6EA4D}.Debug|Any CPU.ActiveCfg = Debug|Any CPU
		{90124C2C-FB67-49EF-84AF-865CEAA6EA4D}.Debug|Any CPU.Build.0 = Debug|Any CPU
		{90124C2C-FB67-49EF-84AF-865CEAA6EA4D}.Release|Any CPU.ActiveCfg = Release|Any CPU
		{90124C2C-FB67-49EF-84AF-865CEAA6EA4D}.Release|Any CPU.Build.0 = Release|Any CPU
		{337CDFA9-3DDB-43AB-B224-179812548BBE}.Debug|Any CPU.ActiveCfg = Debug|Any CPU
		{337CDFA9-3DDB-43AB-B224-179812548BBE}.Debug|Any CPU.Build.0 = Debug|Any CPU
		{337CDFA9-3DDB-43AB-B224-179812548BBE}.Debug|Any CPU.Deploy.0 = Debug|Any CPU
		{337CDFA9-3DDB-43AB-B224-179812548BBE}.Release|Any CPU.ActiveCfg = Release|Any CPU
		{337CDFA9-3DDB-43AB-B224-179812548BBE}.Release|Any CPU.Build.0 = Release|Any CPU
		{D4981F19-8D37-4C25-9F06-D5E2DD45BEED}.Debug|Any CPU.ActiveCfg = Debug|Any CPU
		{D4981F19-8D37-4C25-9F06-D5E2DD45BEED}.Debug|Any CPU.Build.0 = Debug|Any CPU
		{D4981F19-8D37-4C25-9F06-D5E2DD45BEED}.Release|Any CPU.ActiveCfg = Release|Any CPU
		{D4981F19-8D37-4C25-9F06-D5E2DD45BEED}.Release|Any CPU.Build.0 = Release|Any CPU
		{D2755C63-F8BA-4D7D-81CB-ACA81CD923EA}.Debug|Any CPU.ActiveCfg = Debug|Any CPU
		{D2755C63-F8BA-4D7D-81CB-ACA81CD923EA}.Debug|Any CPU.Build.0 = Debug|Any CPU
		{D2755C63-F8BA-4D7D-81CB-ACA81CD923EA}.Release|Any CPU.ActiveCfg = Release|Any CPU
		{D2755C63-F8BA-4D7D-81CB-ACA81CD923EA}.Release|Any CPU.Build.0 = Release|Any CPU
		{F5886678-93F7-4549-BADD-530634CF406A}.Debug|Any CPU.ActiveCfg = Debug|Any CPU
		{F5886678-93F7-4549-BADD-530634CF406A}.Debug|Any CPU.Build.0 = Debug|Any CPU
		{F5886678-93F7-4549-BADD-530634CF406A}.Release|Any CPU.ActiveCfg = Release|Any CPU
		{F5886678-93F7-4549-BADD-530634CF406A}.Release|Any CPU.Build.0 = Release|Any CPU
		{AD4E137E-736E-4798-A5B1-26098DB3D134}.Debug|Any CPU.ActiveCfg = Debug|Any CPU
		{AD4E137E-736E-4798-A5B1-26098DB3D134}.Debug|Any CPU.Build.0 = Debug|Any CPU
		{AD4E137E-736E-4798-A5B1-26098DB3D134}.Debug|Any CPU.Deploy.0 = Debug|Any CPU
		{AD4E137E-736E-4798-A5B1-26098DB3D134}.Release|Any CPU.ActiveCfg = Release|Any CPU
		{AD4E137E-736E-4798-A5B1-26098DB3D134}.Release|Any CPU.Build.0 = Release|Any CPU
		{AD4E137E-736E-4798-A5B1-26098DB3D134}.Release|Any CPU.Deploy.0 = Release|Any CPU
		{5DF8709B-4B7B-40DC-A498-2E3C58A56D6D}.Debug|Any CPU.ActiveCfg = Debug|Any CPU
		{5DF8709B-4B7B-40DC-A498-2E3C58A56D6D}.Debug|Any CPU.Build.0 = Debug|Any CPU
		{5DF8709B-4B7B-40DC-A498-2E3C58A56D6D}.Release|Any CPU.ActiveCfg = Release|Any CPU
		{5DF8709B-4B7B-40DC-A498-2E3C58A56D6D}.Release|Any CPU.Build.0 = Release|Any CPU
		{09C86E7F-8AB2-46D9-B379-D6B2B6D45079}.Debug|Any CPU.ActiveCfg = Debug|Any CPU
		{09C86E7F-8AB2-46D9-B379-D6B2B6D45079}.Debug|Any CPU.Build.0 = Debug|Any CPU
		{09C86E7F-8AB2-46D9-B379-D6B2B6D45079}.Release|Any CPU.ActiveCfg = Release|Any CPU
		{09C86E7F-8AB2-46D9-B379-D6B2B6D45079}.Release|Any CPU.Build.0 = Release|Any CPU
		{2F57C1AD-EA6B-4FAC-9BF8-ACE01F4518F9}.Debug|Any CPU.ActiveCfg = Debug|Any CPU
		{2F57C1AD-EA6B-4FAC-9BF8-ACE01F4518F9}.Debug|Any CPU.Build.0 = Debug|Any CPU
		{2F57C1AD-EA6B-4FAC-9BF8-ACE01F4518F9}.Release|Any CPU.ActiveCfg = Release|Any CPU
		{2F57C1AD-EA6B-4FAC-9BF8-ACE01F4518F9}.Release|Any CPU.Build.0 = Release|Any CPU
		{09890B66-5CE0-4270-9750-D098FB7DA842}.Debug|Any CPU.ActiveCfg = Debug|Any CPU
		{09890B66-5CE0-4270-9750-D098FB7DA842}.Debug|Any CPU.Build.0 = Debug|Any CPU
		{09890B66-5CE0-4270-9750-D098FB7DA842}.Release|Any CPU.ActiveCfg = Release|Any CPU
		{09890B66-5CE0-4270-9750-D098FB7DA842}.Release|Any CPU.Build.0 = Release|Any CPU
	EndGlobalSection
	GlobalSection(SolutionProperties) = preSolution
		HideSolutionNode = FALSE
	EndGlobalSection
	GlobalSection(NestedProjects) = preSolution
		{3F3CD296-12A0-4E17-B1A9-368D2E3351E1} = {5A247CE0-5A19-4854-BF72-1D11EAA5527A}
		{064F63CF-10AF-46E8-AAA0-0E6EDA02E8FD} = {02EA681E-C7D8-13C7-8484-4AC65E1B71E8}
		{EDC5EA07-3811-4FCD-ABDC-D70774C795A5} = {02EA681E-C7D8-13C7-8484-4AC65E1B71E8}
		{13F297DF-0007-990C-54E9-9EFFC7D6BBA9} = {3F3CD296-12A0-4E17-B1A9-368D2E3351E1}
		{4EA80493-2DD1-4758-9A3D-FAEE1FC10A18} = {3F3CD296-12A0-4E17-B1A9-368D2E3351E1}
		{5325D4FA-949A-456D-8A5C-C29A1F4708BA} = {5A247CE0-5A19-4854-BF72-1D11EAA5527A}
		{E1307BC4-3531-4B70-B8E7-1EA20461A483} = {5325D4FA-949A-456D-8A5C-C29A1F4708BA}
		{90124C2C-FB67-49EF-84AF-865CEAA6EA4D} = {5325D4FA-949A-456D-8A5C-C29A1F4708BA}
		{337CDFA9-3DDB-43AB-B224-179812548BBE} = {C3B96C2B-5BB1-4106-87FC-321951DC7616}
		{D4981F19-8D37-4C25-9F06-D5E2DD45BEED} = {C3B96C2B-5BB1-4106-87FC-321951DC7616}
		{D2755C63-F8BA-4D7D-81CB-ACA81CD923EA} = {C3B96C2B-5BB1-4106-87FC-321951DC7616}
		{F5886678-93F7-4549-BADD-530634CF406A} = {C3B96C2B-5BB1-4106-87FC-321951DC7616}
		{AD4E137E-736E-4798-A5B1-26098DB3D134} = {E9319393-C2D0-482A-A2D8-AAC770034E45}
		{5DF8709B-4B7B-40DC-A498-2E3C58A56D6D} = {E9319393-C2D0-482A-A2D8-AAC770034E45}
		{09C86E7F-8AB2-46D9-B379-D6B2B6D45079} = {E9319393-C2D0-482A-A2D8-AAC770034E45}
		{2F57C1AD-EA6B-4FAC-9BF8-ACE01F4518F9} = {E9319393-C2D0-482A-A2D8-AAC770034E45}
		{09890B66-5CE0-4270-9750-D098FB7DA842} = {02EA681E-C7D8-13C7-8484-4AC65E1B71E8}
		{E9319393-C2D0-482A-A2D8-AAC770034E45} = {3F3CD296-12A0-4E17-B1A9-368D2E3351E1}
		{C3B96C2B-5BB1-4106-87FC-321951DC7616} = {5325D4FA-949A-456D-8A5C-C29A1F4708BA}
	EndGlobalSection
	GlobalSection(ExtensibilityGlobals) = postSolution
		SolutionGuid = {B862686C-4DE9-4C0E-AF1A-19F9BDD77398}
	EndGlobalSection
EndGlobal
